// !$*UTF8*$!
{
	archiveVersion = 1;
	classes = {
	};
	objectVersion = 55;
	objects = {

/* Begin PBXBuildFile section */
		2008A8262731792F004D4CC4 /* ShowFriendsViewController.swift in Sources */ = {isa = PBXBuildFile; fileRef = 2008A8252731792F004D4CC4 /* ShowFriendsViewController.swift */; };
		2008A82B273183E7004D4CC4 /* ModelCitiesFriends.swift in Sources */ = {isa = PBXBuildFile; fileRef = 2008A82A273183E7004D4CC4 /* ModelCitiesFriends.swift */; };
		20120AEA272AFA0B00BC150A /* Label.swift in Sources */ = {isa = PBXBuildFile; fileRef = 20120AE9272AFA0B00BC150A /* Label.swift */; };
		20120AEC272B23F300BC150A /* String.swift in Sources */ = {isa = PBXBuildFile; fileRef = 20120AEB272B23F300BC150A /* String.swift */; };
		20120AEE272B2F3B00BC150A /* InteractiveLinkLabel.swift in Sources */ = {isa = PBXBuildFile; fileRef = 20120AED272B2F3B00BC150A /* InteractiveLinkLabel.swift */; };
		20147B332728070D00DE4462 /* Fields.swift in Sources */ = {isa = PBXBuildFile; fileRef = 20147B322728070D00DE4462 /* Fields.swift */; };
		2023BAC72729D6690038A780 /* ImageView.swift in Sources */ = {isa = PBXBuildFile; fileRef = 2023BAC62729D6690038A780 /* ImageView.swift */; };
		202B171B271E236B002C5AA2 /* ModelAuth.swift in Sources */ = {isa = PBXBuildFile; fileRef = 202B171A271E236B002C5AA2 /* ModelAuth.swift */; };
		202B171D271E270A002C5AA2 /* ModelSecureCheckToken.swift in Sources */ = {isa = PBXBuildFile; fileRef = 202B171C271E270A002C5AA2 /* ModelSecureCheckToken.swift */; };
		202B171F271E27A5002C5AA2 /* ModelError.swift in Sources */ = {isa = PBXBuildFile; fileRef = 202B171E271E27A5002C5AA2 /* ModelError.swift */; };
		204DF19727183AC6005D8C1B /* AuthViewController.swift in Sources */ = {isa = PBXBuildFile; fileRef = 204DF19627183AC6005D8C1B /* AuthViewController.swift */; };
		2057AE972734833100950EF8 /* CommonFriendsGroupsViewController.swift in Sources */ = {isa = PBXBuildFile; fileRef = 2057AE962734833100950EF8 /* CommonFriendsGroupsViewController.swift */; };
		2057AE9A273483F200950EF8 /* CommonGroupsViewController.swift in Sources */ = {isa = PBXBuildFile; fileRef = 2057AE99273483F200950EF8 /* CommonGroupsViewController.swift */; };
		2057AE9C2734840300950EF8 /* CommonFriendsViewController.swift in Sources */ = {isa = PBXBuildFile; fileRef = 2057AE9B2734840300950EF8 /* CommonFriendsViewController.swift */; };
		2057AE9F2734852400950EF8 /* GroupTableViewCell.swift in Sources */ = {isa = PBXBuildFile; fileRef = 2057AE9E2734852400950EF8 /* GroupTableViewCell.swift */; };
		2057AEA12734894200950EF8 /* ModelFriendsGetManual.swift in Sources */ = {isa = PBXBuildFile; fileRef = 2057AEA02734894200950EF8 /* ModelFriendsGetManual.swift */; };
		2057AEA427348D4200950EF8 /* Fave.storyboard in Resources */ = {isa = PBXBuildFile; fileRef = 2057AEA327348D4200950EF8 /* Fave.storyboard */; };
		2057AEA6273490F400950EF8 /* FaveViewController.swift in Sources */ = {isa = PBXBuildFile; fileRef = 2057AEA5273490F400950EF8 /* FaveViewController.swift */; };
		2057AEA82734911300950EF8 /* ServiceFave.swift in Sources */ = {isa = PBXBuildFile; fileRef = 2057AEA72734911300950EF8 /* ServiceFave.swift */; };
		2057AEAB2734915500950EF8 /* ModelFave.swift in Sources */ = {isa = PBXBuildFile; fileRef = 2057AEAA2734915500950EF8 /* ModelFave.swift */; };
		2066C4B12721F25200464C18 /* RegDateViewController.swift in Sources */ = {isa = PBXBuildFile; fileRef = 2066C4B02721F25200464C18 /* RegDateViewController.swift */; };
		206B1A1A2735D61B00549639 /* User.storyboard in Resources */ = {isa = PBXBuildFile; fileRef = 206B1A192735D61B00549639 /* User.storyboard */; };
		206B1A1C2735D65B00549639 /* UserViewController.swift in Sources */ = {isa = PBXBuildFile; fileRef = 206B1A1B2735D65B00549639 /* UserViewController.swift */; };
		208BF4392718613000F07B6F /* Data.swift in Sources */ = {isa = PBXBuildFile; fileRef = 208BF4382718613000F07B6F /* Data.swift */; };
		208BF43B271870EE00F07B6F /* URLParser.swift in Sources */ = {isa = PBXBuildFile; fileRef = 208BF43A271870EE00F07B6F /* URLParser.swift */; };
		208BF43F2718866B00F07B6F /* MainViewController.swift in Sources */ = {isa = PBXBuildFile; fileRef = 208BF43E2718866B00F07B6F /* MainViewController.swift */; };
		208BF4412718C4DE00F07B6F /* ProfileViewController.swift in Sources */ = {isa = PBXBuildFile; fileRef = 208BF4402718C4DE00F07B6F /* ProfileViewController.swift */; };
		208D6757272D3E1400B74166 /* DateFormatter.swift in Sources */ = {isa = PBXBuildFile; fileRef = 208D6756272D3E1400B74166 /* DateFormatter.swift */; };
		2092700527170A9B00B9B78D /* AppDelegate.swift in Sources */ = {isa = PBXBuildFile; fileRef = 2092700427170A9B00B9B78D /* AppDelegate.swift */; };
		2092700727170A9B00B9B78D /* SceneDelegate.swift in Sources */ = {isa = PBXBuildFile; fileRef = 2092700627170A9B00B9B78D /* SceneDelegate.swift */; };
		2092700927170A9B00B9B78D /* LoginViewController.swift in Sources */ = {isa = PBXBuildFile; fileRef = 2092700827170A9B00B9B78D /* LoginViewController.swift */; };
		2092700C27170A9B00B9B78D /* Main.storyboard in Resources */ = {isa = PBXBuildFile; fileRef = 2092700A27170A9B00B9B78D /* Main.storyboard */; };
		2092700E27170A9C00B9B78D /* Assets.xcassets in Resources */ = {isa = PBXBuildFile; fileRef = 2092700D27170A9C00B9B78D /* Assets.xcassets */; };
		2092701127170A9C00B9B78D /* LaunchScreen.storyboard in Resources */ = {isa = PBXBuildFile; fileRef = 2092700F27170A9C00B9B78D /* LaunchScreen.storyboard */; };
		20927019271747EE00B9B78D /* ModelUsersGet.swift in Sources */ = {isa = PBXBuildFile; fileRef = 20927018271747EE00B9B78D /* ModelUsersGet.swift */; };
		20A9CA3D272C78180035305E /* ModelFriendsGet.swift in Sources */ = {isa = PBXBuildFile; fileRef = 20A9CA3C272C78180035305E /* ModelFriendsGet.swift */; };
		20A9CA40272C7B190035305E /* Global.swift in Sources */ = {isa = PBXBuildFile; fileRef = 20A9CA3F272C7B190035305E /* Global.swift */; };
		20A9CA46272C8C7C0035305E /* ServiceUsers.swift in Sources */ = {isa = PBXBuildFile; fileRef = 20A9CA45272C8C7C0035305E /* ServiceUsers.swift */; };
		20A9CA48272C8CA60035305E /* ServiceFriends.swift in Sources */ = {isa = PBXBuildFile; fileRef = 20A9CA47272C8CA60035305E /* ServiceFriends.swift */; };
		20A9CA4A272C8CCA0035305E /* ServiceUtils.swift in Sources */ = {isa = PBXBuildFile; fileRef = 20A9CA49272C8CCA0035305E /* ServiceUtils.swift */; };
		20A9CA4C272CAA240035305E /* Methods.swift in Sources */ = {isa = PBXBuildFile; fileRef = 20A9CA4B272CAA240035305E /* Methods.swift */; };
		20A9CA4E272CAB320035305E /* ServiceAuth.swift in Sources */ = {isa = PBXBuildFile; fileRef = 20A9CA4D272CAB320035305E /* ServiceAuth.swift */; };
		20B3B7F2272724D60080341C /* Auth.storyboard in Resources */ = {isa = PBXBuildFile; fileRef = 20B3B7F1272724D60080341C /* Auth.storyboard */; };
		20B3B7F62727272A0080341C /* App.storyboard in Resources */ = {isa = PBXBuildFile; fileRef = 20B3B7F52727272A0080341C /* App.storyboard */; };
		20B3B7F9272727D30080341C /* Profile.storyboard in Resources */ = {isa = PBXBuildFile; fileRef = 20B3B7F8272727D30080341C /* Profile.storyboard */; };
		20B3B7FC272728BC0080341C /* Functions.storyboard in Resources */ = {isa = PBXBuildFile; fileRef = 20B3B7FB272728BC0080341C /* Functions.storyboard */; };
		20B46E11272310D2000AA82F /* ModelUtilsResolveScreenName.swift in Sources */ = {isa = PBXBuildFile; fileRef = 20B46E10272310D2000AA82F /* ModelUtilsResolveScreenName.swift */; };
		20B46E1327231204000AA82F /* PageIdViewController.swift in Sources */ = {isa = PBXBuildFile; fileRef = 20B46E1227231204000AA82F /* PageIdViewController.swift */; };
		20BB3D652746896700435B54 /* ImageInfoTableViewCell.swift in Sources */ = {isa = PBXBuildFile; fileRef = 20BB3D632746896700435B54 /* ImageInfoTableViewCell.swift */; };
		20BB3D662746896700435B54 /* ImageInfoTableViewCell.xib in Resources */ = {isa = PBXBuildFile; fileRef = 20BB3D642746896700435B54 /* ImageInfoTableViewCell.xib */; };
		20CAD3F32745527A00336236 /* ShortInfoTableViewCell.swift in Sources */ = {isa = PBXBuildFile; fileRef = 20CAD3F12745527A00336236 /* ShortInfoTableViewCell.swift */; };
		20CAD3F42745527A00336236 /* ShortInfoTableViewCell.xib in Resources */ = {isa = PBXBuildFile; fileRef = 20CAD3F22745527A00336236 /* ShortInfoTableViewCell.xib */; };
		20CAD3F62745543C00336236 /* CustomView.swift in Sources */ = {isa = PBXBuildFile; fileRef = 20CAD3F52745543C00336236 /* CustomView.swift */; };
		20CAD3F82745817F00336236 /* FunctionsViewController.swift in Sources */ = {isa = PBXBuildFile; fileRef = 20CAD3F72745817F00336236 /* FunctionsViewController.swift */; };
		20DF266627306E5C00D2B434 /* FriendsCitiesViewController.swift in Sources */ = {isa = PBXBuildFile; fileRef = 20DF266527306E5C00D2B434 /* FriendsCitiesViewController.swift */; };
		20E5296A2722003500B38F91 /* VK.swift in Sources */ = {isa = PBXBuildFile; fileRef = 20E529692722003500B38F91 /* VK.swift */; };
		20E720A627466F2A0091FA76 /* CommonFriendsGroups.storyboard in Resources */ = {isa = PBXBuildFile; fileRef = 20E720A527466F2A0091FA76 /* CommonFriendsGroups.storyboard */; };
		20E720A827466F660091FA76 /* FriendsCities.storyboard in Resources */ = {isa = PBXBuildFile; fileRef = 20E720A727466F660091FA76 /* FriendsCities.storyboard */; };
		20E720AB27466FC30091FA76 /* RegDate.storyboard in Resources */ = {isa = PBXBuildFile; fileRef = 20E720AA27466FC30091FA76 /* RegDate.storyboard */; };
		20E720AD27466FE30091FA76 /* PageId.storyboard in Resources */ = {isa = PBXBuildFile; fileRef = 20E720AC27466FE30091FA76 /* PageId.storyboard */; };
		20E720B0274671800091FA76 /* ProgressInfoTableViewCell.swift in Sources */ = {isa = PBXBuildFile; fileRef = 20E720AE274671800091FA76 /* ProgressInfoTableViewCell.swift */; };
		20E720B1274671800091FA76 /* ProgressInfoTableViewCell.xib in Resources */ = {isa = PBXBuildFile; fileRef = 20E720AF274671800091FA76 /* ProgressInfoTableViewCell.xib */; };
/* End PBXBuildFile section */

/* Begin PBXFileReference section */
		2008A8252731792F004D4CC4 /* ShowFriendsViewController.swift */ = {isa = PBXFileReference; lastKnownFileType = sourcecode.swift; path = ShowFriendsViewController.swift; sourceTree = "<group>"; };
		2008A82A273183E7004D4CC4 /* ModelCitiesFriends.swift */ = {isa = PBXFileReference; lastKnownFileType = sourcecode.swift; path = ModelCitiesFriends.swift; sourceTree = "<group>"; };
		20120AE9272AFA0B00BC150A /* Label.swift */ = {isa = PBXFileReference; lastKnownFileType = sourcecode.swift; path = Label.swift; sourceTree = "<group>"; };
		20120AEB272B23F300BC150A /* String.swift */ = {isa = PBXFileReference; lastKnownFileType = sourcecode.swift; path = String.swift; sourceTree = "<group>"; };
		20120AED272B2F3B00BC150A /* InteractiveLinkLabel.swift */ = {isa = PBXFileReference; lastKnownFileType = sourcecode.swift; path = InteractiveLinkLabel.swift; sourceTree = "<group>"; };
		20147B322728070D00DE4462 /* Fields.swift */ = {isa = PBXFileReference; lastKnownFileType = sourcecode.swift; path = Fields.swift; sourceTree = "<group>"; };
		2023BAC62729D6690038A780 /* ImageView.swift */ = {isa = PBXFileReference; lastKnownFileType = sourcecode.swift; path = ImageView.swift; sourceTree = "<group>"; };
		202B171A271E236B002C5AA2 /* ModelAuth.swift */ = {isa = PBXFileReference; lastKnownFileType = sourcecode.swift; path = ModelAuth.swift; sourceTree = "<group>"; };
		202B171C271E270A002C5AA2 /* ModelSecureCheckToken.swift */ = {isa = PBXFileReference; lastKnownFileType = sourcecode.swift; path = ModelSecureCheckToken.swift; sourceTree = "<group>"; };
		202B171E271E27A5002C5AA2 /* ModelError.swift */ = {isa = PBXFileReference; lastKnownFileType = sourcecode.swift; path = ModelError.swift; sourceTree = "<group>"; };
		204DF19627183AC6005D8C1B /* AuthViewController.swift */ = {isa = PBXFileReference; lastKnownFileType = sourcecode.swift; path = AuthViewController.swift; sourceTree = "<group>"; };
		2057AE962734833100950EF8 /* CommonFriendsGroupsViewController.swift */ = {isa = PBXFileReference; lastKnownFileType = sourcecode.swift; path = CommonFriendsGroupsViewController.swift; sourceTree = "<group>"; };
		2057AE99273483F200950EF8 /* CommonGroupsViewController.swift */ = {isa = PBXFileReference; lastKnownFileType = sourcecode.swift; path = CommonGroupsViewController.swift; sourceTree = "<group>"; };
		2057AE9B2734840300950EF8 /* CommonFriendsViewController.swift */ = {isa = PBXFileReference; lastKnownFileType = sourcecode.swift; path = CommonFriendsViewController.swift; sourceTree = "<group>"; };
		2057AE9E2734852400950EF8 /* GroupTableViewCell.swift */ = {isa = PBXFileReference; lastKnownFileType = sourcecode.swift; path = GroupTableViewCell.swift; sourceTree = "<group>"; };
		2057AEA02734894200950EF8 /* ModelFriendsGetManual.swift */ = {isa = PBXFileReference; lastKnownFileType = sourcecode.swift; path = ModelFriendsGetManual.swift; sourceTree = "<group>"; };
		2057AEA327348D4200950EF8 /* Fave.storyboard */ = {isa = PBXFileReference; lastKnownFileType = file.storyboard; path = Fave.storyboard; sourceTree = "<group>"; };
		2057AEA5273490F400950EF8 /* FaveViewController.swift */ = {isa = PBXFileReference; lastKnownFileType = sourcecode.swift; path = FaveViewController.swift; sourceTree = "<group>"; };
		2057AEA72734911300950EF8 /* ServiceFave.swift */ = {isa = PBXFileReference; lastKnownFileType = sourcecode.swift; path = ServiceFave.swift; sourceTree = "<group>"; };
		2057AEAA2734915500950EF8 /* ModelFave.swift */ = {isa = PBXFileReference; lastKnownFileType = sourcecode.swift; path = ModelFave.swift; sourceTree = "<group>"; };
		2066C4B02721F25200464C18 /* RegDateViewController.swift */ = {isa = PBXFileReference; lastKnownFileType = sourcecode.swift; path = RegDateViewController.swift; sourceTree = "<group>"; };
		206B1A192735D61B00549639 /* User.storyboard */ = {isa = PBXFileReference; lastKnownFileType = file.storyboard; path = User.storyboard; sourceTree = "<group>"; };
		206B1A1B2735D65B00549639 /* UserViewController.swift */ = {isa = PBXFileReference; lastKnownFileType = sourcecode.swift; path = UserViewController.swift; sourceTree = "<group>"; };
		208BF4382718613000F07B6F /* Data.swift */ = {isa = PBXFileReference; lastKnownFileType = sourcecode.swift; path = Data.swift; sourceTree = "<group>"; };
		208BF43A271870EE00F07B6F /* URLParser.swift */ = {isa = PBXFileReference; lastKnownFileType = sourcecode.swift; path = URLParser.swift; sourceTree = "<group>"; };
		208BF43E2718866B00F07B6F /* MainViewController.swift */ = {isa = PBXFileReference; lastKnownFileType = sourcecode.swift; path = MainViewController.swift; sourceTree = "<group>"; };
		208BF4402718C4DE00F07B6F /* ProfileViewController.swift */ = {isa = PBXFileReference; lastKnownFileType = sourcecode.swift; path = ProfileViewController.swift; sourceTree = "<group>"; };
		208D6756272D3E1400B74166 /* DateFormatter.swift */ = {isa = PBXFileReference; lastKnownFileType = sourcecode.swift; path = DateFormatter.swift; sourceTree = "<group>"; };
		2092700127170A9B00B9B78D /* VK Tools.app */ = {isa = PBXFileReference; explicitFileType = wrapper.application; includeInIndex = 0; path = "VK Tools.app"; sourceTree = BUILT_PRODUCTS_DIR; };
		2092700427170A9B00B9B78D /* AppDelegate.swift */ = {isa = PBXFileReference; lastKnownFileType = sourcecode.swift; path = AppDelegate.swift; sourceTree = "<group>"; };
		2092700627170A9B00B9B78D /* SceneDelegate.swift */ = {isa = PBXFileReference; lastKnownFileType = sourcecode.swift; path = SceneDelegate.swift; sourceTree = "<group>"; };
		2092700827170A9B00B9B78D /* LoginViewController.swift */ = {isa = PBXFileReference; lastKnownFileType = sourcecode.swift; path = LoginViewController.swift; sourceTree = "<group>"; };
		2092700B27170A9B00B9B78D /* Base */ = {isa = PBXFileReference; lastKnownFileType = file.storyboard; name = Base; path = Base.lproj/Main.storyboard; sourceTree = "<group>"; };
		2092700D27170A9C00B9B78D /* Assets.xcassets */ = {isa = PBXFileReference; lastKnownFileType = folder.assetcatalog; path = Assets.xcassets; sourceTree = "<group>"; };
		2092701027170A9C00B9B78D /* Base */ = {isa = PBXFileReference; lastKnownFileType = file.storyboard; name = Base; path = Base.lproj/LaunchScreen.storyboard; sourceTree = "<group>"; };
		2092701227170A9C00B9B78D /* Info.plist */ = {isa = PBXFileReference; lastKnownFileType = text.plist.xml; path = Info.plist; sourceTree = "<group>"; };
		20927018271747EE00B9B78D /* ModelUsersGet.swift */ = {isa = PBXFileReference; lastKnownFileType = sourcecode.swift; path = ModelUsersGet.swift; sourceTree = "<group>"; };
		20A9CA3C272C78180035305E /* ModelFriendsGet.swift */ = {isa = PBXFileReference; lastKnownFileType = sourcecode.swift; path = ModelFriendsGet.swift; sourceTree = "<group>"; };
		20A9CA3F272C7B190035305E /* Global.swift */ = {isa = PBXFileReference; lastKnownFileType = sourcecode.swift; path = Global.swift; sourceTree = "<group>"; };
		20A9CA45272C8C7C0035305E /* ServiceUsers.swift */ = {isa = PBXFileReference; lastKnownFileType = sourcecode.swift; path = ServiceUsers.swift; sourceTree = "<group>"; };
		20A9CA47272C8CA60035305E /* ServiceFriends.swift */ = {isa = PBXFileReference; lastKnownFileType = sourcecode.swift; path = ServiceFriends.swift; sourceTree = "<group>"; };
		20A9CA49272C8CCA0035305E /* ServiceUtils.swift */ = {isa = PBXFileReference; lastKnownFileType = sourcecode.swift; path = ServiceUtils.swift; sourceTree = "<group>"; };
		20A9CA4B272CAA240035305E /* Methods.swift */ = {isa = PBXFileReference; lastKnownFileType = sourcecode.swift; path = Methods.swift; sourceTree = "<group>"; };
		20A9CA4D272CAB320035305E /* ServiceAuth.swift */ = {isa = PBXFileReference; lastKnownFileType = sourcecode.swift; path = ServiceAuth.swift; sourceTree = "<group>"; };
		20B3B7F1272724D60080341C /* Auth.storyboard */ = {isa = PBXFileReference; fileEncoding = 4; lastKnownFileType = file.storyboard; path = Auth.storyboard; sourceTree = "<group>"; };
		20B3B7F52727272A0080341C /* App.storyboard */ = {isa = PBXFileReference; lastKnownFileType = file.storyboard; path = App.storyboard; sourceTree = "<group>"; };
		20B3B7F8272727D30080341C /* Profile.storyboard */ = {isa = PBXFileReference; lastKnownFileType = file.storyboard; path = Profile.storyboard; sourceTree = "<group>"; };
		20B3B7FB272728BC0080341C /* Functions.storyboard */ = {isa = PBXFileReference; lastKnownFileType = file.storyboard; path = Functions.storyboard; sourceTree = "<group>"; };
		20B46E10272310D2000AA82F /* ModelUtilsResolveScreenName.swift */ = {isa = PBXFileReference; lastKnownFileType = sourcecode.swift; path = ModelUtilsResolveScreenName.swift; sourceTree = "<group>"; };
		20B46E1227231204000AA82F /* PageIdViewController.swift */ = {isa = PBXFileReference; lastKnownFileType = sourcecode.swift; path = PageIdViewController.swift; sourceTree = "<group>"; };
		20BB3D632746896700435B54 /* ImageInfoTableViewCell.swift */ = {isa = PBXFileReference; lastKnownFileType = sourcecode.swift; path = ImageInfoTableViewCell.swift; sourceTree = "<group>"; };
		20BB3D642746896700435B54 /* ImageInfoTableViewCell.xib */ = {isa = PBXFileReference; lastKnownFileType = file.xib; path = ImageInfoTableViewCell.xib; sourceTree = "<group>"; };
		20CAD3F12745527A00336236 /* ShortInfoTableViewCell.swift */ = {isa = PBXFileReference; lastKnownFileType = sourcecode.swift; path = ShortInfoTableViewCell.swift; sourceTree = "<group>"; };
		20CAD3F22745527A00336236 /* ShortInfoTableViewCell.xib */ = {isa = PBXFileReference; lastKnownFileType = file.xib; path = ShortInfoTableViewCell.xib; sourceTree = "<group>"; };
		20CAD3F52745543C00336236 /* CustomView.swift */ = {isa = PBXFileReference; lastKnownFileType = sourcecode.swift; path = CustomView.swift; sourceTree = "<group>"; };
		20CAD3F72745817F00336236 /* FunctionsViewController.swift */ = {isa = PBXFileReference; lastKnownFileType = sourcecode.swift; path = FunctionsViewController.swift; sourceTree = "<group>"; };
		20DF266527306E5C00D2B434 /* FriendsCitiesViewController.swift */ = {isa = PBXFileReference; lastKnownFileType = sourcecode.swift; path = FriendsCitiesViewController.swift; sourceTree = "<group>"; };
		20E529692722003500B38F91 /* VK.swift */ = {isa = PBXFileReference; lastKnownFileType = sourcecode.swift; path = VK.swift; sourceTree = "<group>"; };
		20E720A527466F2A0091FA76 /* CommonFriendsGroups.storyboard */ = {isa = PBXFileReference; fileEncoding = 4; lastKnownFileType = file.storyboard; path = CommonFriendsGroups.storyboard; sourceTree = "<group>"; };
		20E720A727466F660091FA76 /* FriendsCities.storyboard */ = {isa = PBXFileReference; fileEncoding = 4; lastKnownFileType = file.storyboard; path = FriendsCities.storyboard; sourceTree = "<group>"; };
		20E720AA27466FC30091FA76 /* RegDate.storyboard */ = {isa = PBXFileReference; fileEncoding = 4; lastKnownFileType = file.storyboard; path = RegDate.storyboard; sourceTree = "<group>"; };
		20E720AC27466FE30091FA76 /* PageId.storyboard */ = {isa = PBXFileReference; fileEncoding = 4; lastKnownFileType = file.storyboard; path = PageId.storyboard; sourceTree = "<group>"; };
		20E720AE274671800091FA76 /* ProgressInfoTableViewCell.swift */ = {isa = PBXFileReference; lastKnownFileType = sourcecode.swift; path = ProgressInfoTableViewCell.swift; sourceTree = "<group>"; };
		20E720AF274671800091FA76 /* ProgressInfoTableViewCell.xib */ = {isa = PBXFileReference; lastKnownFileType = file.xib; path = ProgressInfoTableViewCell.xib; sourceTree = "<group>"; };
/* End PBXFileReference section */

/* Begin PBXFrameworksBuildPhase section */
		20926FFE27170A9B00B9B78D /* Frameworks */ = {
			isa = PBXFrameworksBuildPhase;
			buildActionMask = 2147483647;
			files = (
			);
			runOnlyForDeploymentPostprocessing = 0;
		};
/* End PBXFrameworksBuildPhase section */

/* Begin PBXGroup section */
		2008A82927318326004D4CC4 /* Cities */ = {
			isa = PBXGroup;
			children = (
				2008A82A273183E7004D4CC4 /* ModelCitiesFriends.swift */,
			);
			path = Cities;
			sourceTree = "<group>";
		};
		20120AE8272ACDD200BC150A /* CustomUI */ = {
			isa = PBXGroup;
			children = (
				20CAD3F52745543C00336236 /* CustomView.swift */,
				2023BAC62729D6690038A780 /* ImageView.swift */,
				20120AE9272AFA0B00BC150A /* Label.swift */,
				20120AED272B2F3B00BC150A /* InteractiveLinkLabel.swift */,
			);
			path = CustomUI;
			sourceTree = "<group>";
		};
		2023BAC82729FB370038A780 /* Extension */ = {
			isa = PBXGroup;
			children = (
				20120AEB272B23F300BC150A /* String.swift */,
				208D6756272D3E1400B74166 /* DateFormatter.swift */,
			);
			path = Extension;
			sourceTree = "<group>";
		};
		202B1716271E0CC4002C5AA2 /* Main */ = {
			isa = PBXGroup;
			children = (
				2092700A27170A9B00B9B78D /* Main.storyboard */,
				208BF43E2718866B00F07B6F /* MainViewController.swift */,
			);
			path = Main;
			sourceTree = "<group>";
		};
		202B1717271E1AB8002C5AA2 /* API */ = {
			isa = PBXGroup;
			children = (
				20ECA7372725D11F007DB8F2 /* Services */,
				20ECA7362725D10A007DB8F2 /* Models */,
			);
			path = API;
			sourceTree = "<group>";
		};
		2057AE942734829100950EF8 /* TableViewCell */ = {
			isa = PBXGroup;
			children = (
				20BB3D622746894A00435B54 /* ImageInfo */,
				20E720B22746718C0091FA76 /* ShortInfo */,
				20E720B32746719B0091FA76 /* ProgressInfo */,
				2057AE9E2734852400950EF8 /* GroupTableViewCell.swift */,
			);
			path = TableViewCell;
			sourceTree = "<group>";
		};
		2057AE95273482B900950EF8 /* FriendsCities */ = {
			isa = PBXGroup;
			children = (
				20E720A727466F660091FA76 /* FriendsCities.storyboard */,
				20DF266527306E5C00D2B434 /* FriendsCitiesViewController.swift */,
				2008A8252731792F004D4CC4 /* ShowFriendsViewController.swift */,
			);
			path = FriendsCities;
			sourceTree = "<group>";
		};
		2057AE98273483C900950EF8 /* CommonFriendsGroups */ = {
			isa = PBXGroup;
			children = (
				20E720A527466F2A0091FA76 /* CommonFriendsGroups.storyboard */,
				2057AE962734833100950EF8 /* CommonFriendsGroupsViewController.swift */,
				2057AE99273483F200950EF8 /* CommonGroupsViewController.swift */,
				2057AE9B2734840300950EF8 /* CommonFriendsViewController.swift */,
			);
			path = CommonFriendsGroups;
			sourceTree = "<group>";
		};
		2057AEA227348D0700950EF8 /* Fave */ = {
			isa = PBXGroup;
			children = (
				2057AEA327348D4200950EF8 /* Fave.storyboard */,
				2057AEA5273490F400950EF8 /* FaveViewController.swift */,
			);
			path = Fave;
			sourceTree = "<group>";
		};
		2057AEA92734911E00950EF8 /* Fave */ = {
			isa = PBXGroup;
			children = (
				2057AEAA2734915500950EF8 /* ModelFave.swift */,
			);
			path = Fave;
			sourceTree = "<group>";
		};
		206B1A182735D60700549639 /* User */ = {
			isa = PBXGroup;
			children = (
				206B1A192735D61B00549639 /* User.storyboard */,
				206B1A1B2735D65B00549639 /* UserViewController.swift */,
			);
			path = User;
			sourceTree = "<group>";
		};
		208BF43D271885A100F07B6F /* Application */ = {
			isa = PBXGroup;
			children = (
				2092700627170A9B00B9B78D /* SceneDelegate.swift */,
				2092700427170A9B00B9B78D /* AppDelegate.swift */,
			);
			path = Application;
			sourceTree = "<group>";
		};
		20926FF827170A9B00B9B78D = {
			isa = PBXGroup;
			children = (
				2092700327170A9B00B9B78D /* VK */,
				2092700227170A9B00B9B78D /* Products */,
			);
			sourceTree = "<group>";
		};
		2092700227170A9B00B9B78D /* Products */ = {
			isa = PBXGroup;
			children = (
				2092700127170A9B00B9B78D /* VK Tools.app */,
			);
			name = Products;
			sourceTree = "<group>";
		};
		2092700327170A9B00B9B78D /* VK */ = {
			isa = PBXGroup;
			children = (
				202B1717271E1AB8002C5AA2 /* API */,
				208BF43D271885A100F07B6F /* Application */,
				20B3B7FD27272DDB0080341C /* UI */,
				20ECA7352725D0C0007DB8F2 /* Core */,
				20ECA7342725D07C007DB8F2 /* Resources */,
			);
			path = VK;
			sourceTree = "<group>";
		};
		20A9CA37272C77380035305E /* Users */ = {
			isa = PBXGroup;
			children = (
				20927018271747EE00B9B78D /* ModelUsersGet.swift */,
			);
			path = Users;
			sourceTree = "<group>";
		};
		20A9CA38272C77410035305E /* Friends */ = {
			isa = PBXGroup;
			children = (
				20A9CA3C272C78180035305E /* ModelFriendsGet.swift */,
				2057AEA02734894200950EF8 /* ModelFriendsGetManual.swift */,
			);
			path = Friends;
			sourceTree = "<group>";
		};
		20A9CA39272C77590035305E /* Utils */ = {
			isa = PBXGroup;
			children = (
				20B46E10272310D2000AA82F /* ModelUtilsResolveScreenName.swift */,
			);
			path = Utils;
			sourceTree = "<group>";
		};
		20A9CA3A272C77A00035305E /* Auth */ = {
			isa = PBXGroup;
			children = (
				202B171A271E236B002C5AA2 /* ModelAuth.swift */,
				202B171C271E270A002C5AA2 /* ModelSecureCheckToken.swift */,
			);
			path = Auth;
			sourceTree = "<group>";
		};
		20A9CA3B272C77B40035305E /* Error */ = {
			isa = PBXGroup;
			children = (
				202B171E271E27A5002C5AA2 /* ModelError.swift */,
			);
			path = Error;
			sourceTree = "<group>";
		};
		20A9CA3E272C7B020035305E /* Global */ = {
			isa = PBXGroup;
			children = (
				208BF4382718613000F07B6F /* Data.swift */,
				20A9CA3F272C7B190035305E /* Global.swift */,
				20147B322728070D00DE4462 /* Fields.swift */,
				20A9CA4B272CAA240035305E /* Methods.swift */,
			);
			path = Global;
			sourceTree = "<group>";
		};
		20B3B7F3272726760080341C /* Auth */ = {
			isa = PBXGroup;
			children = (
				20B3B7F1272724D60080341C /* Auth.storyboard */,
				2092700827170A9B00B9B78D /* LoginViewController.swift */,
				204DF19627183AC6005D8C1B /* AuthViewController.swift */,
			);
			path = Auth;
			sourceTree = "<group>";
		};
		20B3B7F4272727140080341C /* App */ = {
			isa = PBXGroup;
			children = (
				20B3B7F52727272A0080341C /* App.storyboard */,
			);
			path = App;
			sourceTree = "<group>";
		};
		20B3B7F7272727C40080341C /* Profile */ = {
			isa = PBXGroup;
			children = (
				20B3B7F8272727D30080341C /* Profile.storyboard */,
				208BF4402718C4DE00F07B6F /* ProfileViewController.swift */,
			);
			path = Profile;
			sourceTree = "<group>";
		};
		20B3B7FA272728AE0080341C /* Functions */ = {
			isa = PBXGroup;
			children = (
				20B3B7FB272728BC0080341C /* Functions.storyboard */,
				20CAD3F72745817F00336236 /* FunctionsViewController.swift */,
				20E720A427466EAB0091FA76 /* RegDate */,
				20E720A927466FA10091FA76 /* PageId */,
				2057AE95273482B900950EF8 /* FriendsCities */,
				2057AE98273483C900950EF8 /* CommonFriendsGroups */,
				2057AE942734829100950EF8 /* TableViewCell */,
			);
			path = Functions;
			sourceTree = "<group>";
		};
		20B3B7FD27272DDB0080341C /* UI */ = {
			isa = PBXGroup;
			children = (
				206B1A182735D60700549639 /* User */,
				202B1716271E0CC4002C5AA2 /* Main */,
				20B3B7F3272726760080341C /* Auth */,
				20B3B7F4272727140080341C /* App */,
				20B3B7F7272727C40080341C /* Profile */,
				20B3B7FA272728AE0080341C /* Functions */,
				2057AEA227348D0700950EF8 /* Fave */,
			);
			path = UI;
			sourceTree = "<group>";
		};
		20BB3D622746894A00435B54 /* ImageInfo */ = {
			isa = PBXGroup;
			children = (
				20BB3D632746896700435B54 /* ImageInfoTableViewCell.swift */,
				20BB3D642746896700435B54 /* ImageInfoTableViewCell.xib */,
			);
			path = ImageInfo;
			sourceTree = "<group>";
		};
		20CAD3EE2745174800336236 /* Components */ = {
			isa = PBXGroup;
			children = (
			);
			path = Components;
			sourceTree = "<group>";
		};
		20E720A427466EAB0091FA76 /* RegDate */ = {
			isa = PBXGroup;
			children = (
				20E720AA27466FC30091FA76 /* RegDate.storyboard */,
				2066C4B02721F25200464C18 /* RegDateViewController.swift */,
			);
			path = RegDate;
			sourceTree = "<group>";
		};
		20E720A927466FA10091FA76 /* PageId */ = {
			isa = PBXGroup;
			children = (
				20E720AC27466FE30091FA76 /* PageId.storyboard */,
				20B46E1227231204000AA82F /* PageIdViewController.swift */,
			);
			path = PageId;
			sourceTree = "<group>";
		};
		20E720B22746718C0091FA76 /* ShortInfo */ = {
			isa = PBXGroup;
			children = (
				20CAD3F22745527A00336236 /* ShortInfoTableViewCell.xib */,
				20CAD3F12745527A00336236 /* ShortInfoTableViewCell.swift */,
			);
			path = ShortInfo;
			sourceTree = "<group>";
		};
		20E720B32746719B0091FA76 /* ProgressInfo */ = {
			isa = PBXGroup;
			children = (
				20E720AF274671800091FA76 /* ProgressInfoTableViewCell.xib */,
				20E720AE274671800091FA76 /* ProgressInfoTableViewCell.swift */,
			);
			path = ProgressInfo;
			sourceTree = "<group>";
		};
		20ECA7342725D07C007DB8F2 /* Resources */ = {
			isa = PBXGroup;
			children = (
				2092700D27170A9C00B9B78D /* Assets.xcassets */,
				2092700F27170A9C00B9B78D /* LaunchScreen.storyboard */,
				2092701227170A9C00B9B78D /* Info.plist */,
			);
			path = Resources;
			sourceTree = "<group>";
		};
		20ECA7352725D0C0007DB8F2 /* Core */ = {
			isa = PBXGroup;
			children = (
				20CAD3EE2745174800336236 /* Components */,
				20120AE8272ACDD200BC150A /* CustomUI */,
				2023BAC82729FB370038A780 /* Extension */,
				208BF43A271870EE00F07B6F /* URLParser.swift */,
			);
			path = Core;
			sourceTree = "<group>";
		};
		20ECA7362725D10A007DB8F2 /* Models */ = {
			isa = PBXGroup;
			children = (
				2057AEA92734911E00950EF8 /* Fave */,
				2008A82927318326004D4CC4 /* Cities */,
				20A9CA3E272C7B020035305E /* Global */,
				20A9CA3A272C77A00035305E /* Auth */,
				20A9CA39272C77590035305E /* Utils */,
				20A9CA37272C77380035305E /* Users */,
				20A9CA38272C77410035305E /* Friends */,
				20A9CA3B272C77B40035305E /* Error */,
			);
			path = Models;
			sourceTree = "<group>";
		};
		20ECA7372725D11F007DB8F2 /* Services */ = {
			isa = PBXGroup;
			children = (
				20E529692722003500B38F91 /* VK.swift */,
				20A9CA47272C8CA60035305E /* ServiceFriends.swift */,
				20A9CA45272C8C7C0035305E /* ServiceUsers.swift */,
				20A9CA49272C8CCA0035305E /* ServiceUtils.swift */,
				20A9CA4D272CAB320035305E /* ServiceAuth.swift */,
				2057AEA72734911300950EF8 /* ServiceFave.swift */,
			);
			path = Services;
			sourceTree = "<group>";
		};
/* End PBXGroup section */

/* Begin PBXNativeTarget section */
		2092700027170A9B00B9B78D /* VK Tools */ = {
			isa = PBXNativeTarget;
			buildConfigurationList = 2092701527170A9C00B9B78D /* Build configuration list for PBXNativeTarget "VK Tools" */;
			buildPhases = (
				20926FFD27170A9B00B9B78D /* Sources */,
				20926FFE27170A9B00B9B78D /* Frameworks */,
				20926FFF27170A9B00B9B78D /* Resources */,
			);
			buildRules = (
			);
			dependencies = (
			);
			name = "VK Tools";
			productName = VK;
			productReference = 2092700127170A9B00B9B78D /* VK Tools.app */;
			productType = "com.apple.product-type.application";
		};
/* End PBXNativeTarget section */

/* Begin PBXProject section */
		20926FF927170A9B00B9B78D /* Project object */ = {
			isa = PBXProject;
			attributes = {
				BuildIndependentTargetsInParallel = 1;
				CLASSPREFIX = "";
				LastSwiftUpdateCheck = 1300;
				LastUpgradeCheck = 1300;
				ORGANIZATIONNAME = "";
				TargetAttributes = {
					2092700027170A9B00B9B78D = {
						CreatedOnToolsVersion = 13.0;
					};
				};
			};
			buildConfigurationList = 20926FFC27170A9B00B9B78D /* Build configuration list for PBXProject "VK Tools" */;
			compatibilityVersion = "Xcode 13.0";
			developmentRegion = en;
			hasScannedForEncodings = 0;
			knownRegions = (
				en,
				Base,
			);
			mainGroup = 20926FF827170A9B00B9B78D;
			productRefGroup = 2092700227170A9B00B9B78D /* Products */;
			projectDirPath = "";
			projectRoot = "";
			targets = (
				2092700027170A9B00B9B78D /* VK Tools */,
			);
		};
/* End PBXProject section */

/* Begin PBXResourcesBuildPhase section */
		20926FFF27170A9B00B9B78D /* Resources */ = {
			isa = PBXResourcesBuildPhase;
			buildActionMask = 2147483647;
			files = (
				2057AEA427348D4200950EF8 /* Fave.storyboard in Resources */,
				20CAD3F42745527A00336236 /* ShortInfoTableViewCell.xib in Resources */,
				20B3B7F9272727D30080341C /* Profile.storyboard in Resources */,
				20E720A827466F660091FA76 /* FriendsCities.storyboard in Resources */,
				2092701127170A9C00B9B78D /* LaunchScreen.storyboard in Resources */,
				20B3B7FC272728BC0080341C /* Functions.storyboard in Resources */,
				20E720AD27466FE30091FA76 /* PageId.storyboard in Resources */,
				20E720AB27466FC30091FA76 /* RegDate.storyboard in Resources */,
				20B3B7F2272724D60080341C /* Auth.storyboard in Resources */,
				20E720B1274671800091FA76 /* ProgressInfoTableViewCell.xib in Resources */,
				2092700E27170A9C00B9B78D /* Assets.xcassets in Resources */,
				2092700C27170A9B00B9B78D /* Main.storyboard in Resources */,
				20E720A627466F2A0091FA76 /* CommonFriendsGroups.storyboard in Resources */,
				20BB3D662746896700435B54 /* ImageInfoTableViewCell.xib in Resources */,
				20B3B7F62727272A0080341C /* App.storyboard in Resources */,
				206B1A1A2735D61B00549639 /* User.storyboard in Resources */,
			);
			runOnlyForDeploymentPostprocessing = 0;
		};
/* End PBXResourcesBuildPhase section */

/* Begin PBXSourcesBuildPhase section */
		20926FFD27170A9B00B9B78D /* Sources */ = {
			isa = PBXSourcesBuildPhase;
			buildActionMask = 2147483647;
			files = (
				208BF43B271870EE00F07B6F /* URLParser.swift in Sources */,
				20DF266627306E5C00D2B434 /* FriendsCitiesViewController.swift in Sources */,
				20B46E11272310D2000AA82F /* ModelUtilsResolveScreenName.swift in Sources */,
				2057AE972734833100950EF8 /* CommonFriendsGroupsViewController.swift in Sources */,
				208BF43F2718866B00F07B6F /* MainViewController.swift in Sources */,
				20A9CA4A272C8CCA0035305E /* ServiceUtils.swift in Sources */,
				2008A8262731792F004D4CC4 /* ShowFriendsViewController.swift in Sources */,
				20147B332728070D00DE4462 /* Fields.swift in Sources */,
				20A9CA3D272C78180035305E /* ModelFriendsGet.swift in Sources */,
				2057AEAB2734915500950EF8 /* ModelFave.swift in Sources */,
				2008A82B273183E7004D4CC4 /* ModelCitiesFriends.swift in Sources */,
				20A9CA4C272CAA240035305E /* Methods.swift in Sources */,
				20120AEA272AFA0B00BC150A /* Label.swift in Sources */,
				2057AEA6273490F400950EF8 /* FaveViewController.swift in Sources */,
				204DF19727183AC6005D8C1B /* AuthViewController.swift in Sources */,
				2057AE9F2734852400950EF8 /* GroupTableViewCell.swift in Sources */,
				208BF4392718613000F07B6F /* Data.swift in Sources */,
				2066C4B12721F25200464C18 /* RegDateViewController.swift in Sources */,
				2023BAC72729D6690038A780 /* ImageView.swift in Sources */,
				202B171B271E236B002C5AA2 /* ModelAuth.swift in Sources */,
				2092700927170A9B00B9B78D /* LoginViewController.swift in Sources */,
				20A9CA4E272CAB320035305E /* ServiceAuth.swift in Sources */,
				2057AE9C2734840300950EF8 /* CommonFriendsViewController.swift in Sources */,
				2057AEA82734911300950EF8 /* ServiceFave.swift in Sources */,
				20CAD3F32745527A00336236 /* ShortInfoTableViewCell.swift in Sources */,
				20CAD3F82745817F00336236 /* FunctionsViewController.swift in Sources */,
				206B1A1C2735D65B00549639 /* UserViewController.swift in Sources */,
				20120AEC272B23F300BC150A /* String.swift in Sources */,
				2057AEA12734894200950EF8 /* ModelFriendsGetManual.swift in Sources */,
				2092700527170A9B00B9B78D /* AppDelegate.swift in Sources */,
				202B171F271E27A5002C5AA2 /* ModelError.swift in Sources */,
				20CAD3F62745543C00336236 /* CustomView.swift in Sources */,
				208BF4412718C4DE00F07B6F /* ProfileViewController.swift in Sources */,
				20A9CA40272C7B190035305E /* Global.swift in Sources */,
				20E5296A2722003500B38F91 /* VK.swift in Sources */,
				20B46E1327231204000AA82F /* PageIdViewController.swift in Sources */,
				20120AEE272B2F3B00BC150A /* InteractiveLinkLabel.swift in Sources */,
				208D6757272D3E1400B74166 /* DateFormatter.swift in Sources */,
				2057AE9A273483F200950EF8 /* CommonGroupsViewController.swift in Sources */,
				20A9CA48272C8CA60035305E /* ServiceFriends.swift in Sources */,
				20A9CA46272C8C7C0035305E /* ServiceUsers.swift in Sources */,
				2092700727170A9B00B9B78D /* SceneDelegate.swift in Sources */,
				202B171D271E270A002C5AA2 /* ModelSecureCheckToken.swift in Sources */,
				20BB3D652746896700435B54 /* ImageInfoTableViewCell.swift in Sources */,
				20E720B0274671800091FA76 /* ProgressInfoTableViewCell.swift in Sources */,
				20927019271747EE00B9B78D /* ModelUsersGet.swift in Sources */,
			);
			runOnlyForDeploymentPostprocessing = 0;
		};
/* End PBXSourcesBuildPhase section */

/* Begin PBXVariantGroup section */
		2092700A27170A9B00B9B78D /* Main.storyboard */ = {
			isa = PBXVariantGroup;
			children = (
				2092700B27170A9B00B9B78D /* Base */,
			);
			name = Main.storyboard;
			sourceTree = "<group>";
		};
		2092700F27170A9C00B9B78D /* LaunchScreen.storyboard */ = {
			isa = PBXVariantGroup;
			children = (
				2092701027170A9C00B9B78D /* Base */,
			);
			name = LaunchScreen.storyboard;
			sourceTree = "<group>";
		};
/* End PBXVariantGroup section */

/* Begin XCBuildConfiguration section */
		2092701327170A9C00B9B78D /* Debug */ = {
			isa = XCBuildConfiguration;
			buildSettings = {
				ALWAYS_SEARCH_USER_PATHS = NO;
				CLANG_ANALYZER_NONNULL = YES;
				CLANG_ANALYZER_NUMBER_OBJECT_CONVERSION = YES_AGGRESSIVE;
				CLANG_CXX_LANGUAGE_STANDARD = "gnu++17";
				CLANG_CXX_LIBRARY = "libc++";
				CLANG_ENABLE_MODULES = YES;
				CLANG_ENABLE_OBJC_ARC = YES;
				CLANG_ENABLE_OBJC_WEAK = YES;
				CLANG_WARN_BLOCK_CAPTURE_AUTORELEASING = YES;
				CLANG_WARN_BOOL_CONVERSION = YES;
				CLANG_WARN_COMMA = YES;
				CLANG_WARN_CONSTANT_CONVERSION = YES;
				CLANG_WARN_DEPRECATED_OBJC_IMPLEMENTATIONS = YES;
				CLANG_WARN_DIRECT_OBJC_ISA_USAGE = YES_ERROR;
				CLANG_WARN_DOCUMENTATION_COMMENTS = YES;
				CLANG_WARN_EMPTY_BODY = YES;
				CLANG_WARN_ENUM_CONVERSION = YES;
				CLANG_WARN_INFINITE_RECURSION = YES;
				CLANG_WARN_INT_CONVERSION = YES;
				CLANG_WARN_NON_LITERAL_NULL_CONVERSION = YES;
				CLANG_WARN_OBJC_IMPLICIT_RETAIN_SELF = YES;
				CLANG_WARN_OBJC_LITERAL_CONVERSION = YES;
				CLANG_WARN_OBJC_ROOT_CLASS = YES_ERROR;
				CLANG_WARN_QUOTED_INCLUDE_IN_FRAMEWORK_HEADER = YES;
				CLANG_WARN_RANGE_LOOP_ANALYSIS = YES;
				CLANG_WARN_STRICT_PROTOTYPES = YES;
				CLANG_WARN_SUSPICIOUS_MOVE = YES;
				CLANG_WARN_UNGUARDED_AVAILABILITY = YES_AGGRESSIVE;
				CLANG_WARN_UNREACHABLE_CODE = YES;
				CLANG_WARN__DUPLICATE_METHOD_MATCH = YES;
				COPY_PHASE_STRIP = NO;
				DEBUG_INFORMATION_FORMAT = dwarf;
				ENABLE_STRICT_OBJC_MSGSEND = YES;
				ENABLE_TESTABILITY = YES;
				GCC_C_LANGUAGE_STANDARD = gnu11;
				GCC_DYNAMIC_NO_PIC = NO;
				GCC_NO_COMMON_BLOCKS = YES;
				GCC_OPTIMIZATION_LEVEL = 0;
				GCC_PREPROCESSOR_DEFINITIONS = (
					"DEBUG=1",
					"$(inherited)",
				);
				GCC_WARN_64_TO_32_BIT_CONVERSION = YES;
				GCC_WARN_ABOUT_RETURN_TYPE = YES_ERROR;
				GCC_WARN_UNDECLARED_SELECTOR = YES;
				GCC_WARN_UNINITIALIZED_AUTOS = YES_AGGRESSIVE;
				GCC_WARN_UNUSED_FUNCTION = YES;
				GCC_WARN_UNUSED_VARIABLE = YES;
				IPHONEOS_DEPLOYMENT_TARGET = 15.0;
				MTL_ENABLE_DEBUG_INFO = INCLUDE_SOURCE;
				MTL_FAST_MATH = YES;
				ONLY_ACTIVE_ARCH = YES;
				SDKROOT = iphoneos;
				SWIFT_ACTIVE_COMPILATION_CONDITIONS = DEBUG;
				SWIFT_OPTIMIZATION_LEVEL = "-Onone";
			};
			name = Debug;
		};
		2092701427170A9C00B9B78D /* Release */ = {
			isa = XCBuildConfiguration;
			buildSettings = {
				ALWAYS_SEARCH_USER_PATHS = NO;
				CLANG_ANALYZER_NONNULL = YES;
				CLANG_ANALYZER_NUMBER_OBJECT_CONVERSION = YES_AGGRESSIVE;
				CLANG_CXX_LANGUAGE_STANDARD = "gnu++17";
				CLANG_CXX_LIBRARY = "libc++";
				CLANG_ENABLE_MODULES = YES;
				CLANG_ENABLE_OBJC_ARC = YES;
				CLANG_ENABLE_OBJC_WEAK = YES;
				CLANG_WARN_BLOCK_CAPTURE_AUTORELEASING = YES;
				CLANG_WARN_BOOL_CONVERSION = YES;
				CLANG_WARN_COMMA = YES;
				CLANG_WARN_CONSTANT_CONVERSION = YES;
				CLANG_WARN_DEPRECATED_OBJC_IMPLEMENTATIONS = YES;
				CLANG_WARN_DIRECT_OBJC_ISA_USAGE = YES_ERROR;
				CLANG_WARN_DOCUMENTATION_COMMENTS = YES;
				CLANG_WARN_EMPTY_BODY = YES;
				CLANG_WARN_ENUM_CONVERSION = YES;
				CLANG_WARN_INFINITE_RECURSION = YES;
				CLANG_WARN_INT_CONVERSION = YES;
				CLANG_WARN_NON_LITERAL_NULL_CONVERSION = YES;
				CLANG_WARN_OBJC_IMPLICIT_RETAIN_SELF = YES;
				CLANG_WARN_OBJC_LITERAL_CONVERSION = YES;
				CLANG_WARN_OBJC_ROOT_CLASS = YES_ERROR;
				CLANG_WARN_QUOTED_INCLUDE_IN_FRAMEWORK_HEADER = YES;
				CLANG_WARN_RANGE_LOOP_ANALYSIS = YES;
				CLANG_WARN_STRICT_PROTOTYPES = YES;
				CLANG_WARN_SUSPICIOUS_MOVE = YES;
				CLANG_WARN_UNGUARDED_AVAILABILITY = YES_AGGRESSIVE;
				CLANG_WARN_UNREACHABLE_CODE = YES;
				CLANG_WARN__DUPLICATE_METHOD_MATCH = YES;
				COPY_PHASE_STRIP = NO;
				DEBUG_INFORMATION_FORMAT = "dwarf-with-dsym";
				ENABLE_NS_ASSERTIONS = NO;
				ENABLE_STRICT_OBJC_MSGSEND = YES;
				GCC_C_LANGUAGE_STANDARD = gnu11;
				GCC_NO_COMMON_BLOCKS = YES;
				GCC_WARN_64_TO_32_BIT_CONVERSION = YES;
				GCC_WARN_ABOUT_RETURN_TYPE = YES_ERROR;
				GCC_WARN_UNDECLARED_SELECTOR = YES;
				GCC_WARN_UNINITIALIZED_AUTOS = YES_AGGRESSIVE;
				GCC_WARN_UNUSED_FUNCTION = YES;
				GCC_WARN_UNUSED_VARIABLE = YES;
				IPHONEOS_DEPLOYMENT_TARGET = 15.0;
				MTL_ENABLE_DEBUG_INFO = NO;
				MTL_FAST_MATH = YES;
				SDKROOT = iphoneos;
				SWIFT_COMPILATION_MODE = wholemodule;
				SWIFT_OPTIMIZATION_LEVEL = "-O";
				VALIDATE_PRODUCT = YES;
			};
			name = Release;
		};
		2092701627170A9C00B9B78D /* Debug */ = {
			isa = XCBuildConfiguration;
			buildSettings = {
				ASSETCATALOG_COMPILER_APPICON_NAME = AppIcon;
				ASSETCATALOG_COMPILER_GLOBAL_ACCENT_COLOR_NAME = AccentColor;
				CODE_SIGN_STYLE = Automatic;
				CURRENT_PROJECT_VERSION = 1;
				DEVELOPMENT_TEAM = 66R89KSY7B;
				GENERATE_INFOPLIST_FILE = YES;
				INFOPLIST_FILE = VK/Resources/Info.plist;
				INFOPLIST_KEY_UIApplicationSupportsIndirectInputEvents = YES;
				INFOPLIST_KEY_UILaunchStoryboardName = LaunchScreen;
				INFOPLIST_KEY_UIMainStoryboardFile = Main;
				INFOPLIST_KEY_UISupportedInterfaceOrientations_iPad = "UIInterfaceOrientationPortrait UIInterfaceOrientationPortraitUpsideDown UIInterfaceOrientationLandscapeLeft UIInterfaceOrientationLandscapeRight";
				INFOPLIST_KEY_UISupportedInterfaceOrientations_iPhone = "UIInterfaceOrientationPortrait UIInterfaceOrientationLandscapeLeft UIInterfaceOrientationLandscapeRight";
				LD_RUNPATH_SEARCH_PATHS = (
					"$(inherited)",
					"@executable_path/Frameworks",
				);
				MARKETING_VERSION = 1.0;
				PRODUCT_BUNDLE_IDENTIFIER = com.emilyayv.VK;
				PRODUCT_NAME = "$(TARGET_NAME)";
				SWIFT_EMIT_LOC_STRINGS = YES;
				SWIFT_VERSION = 5.0;
				TARGETED_DEVICE_FAMILY = 1;
			};
			name = Debug;
		};
		2092701727170A9C00B9B78D /* Release */ = {
			isa = XCBuildConfiguration;
			buildSettings = {
				ASSETCATALOG_COMPILER_APPICON_NAME = AppIcon;
				ASSETCATALOG_COMPILER_GLOBAL_ACCENT_COLOR_NAME = AccentColor;
				CODE_SIGN_STYLE = Automatic;
				CURRENT_PROJECT_VERSION = 1;
				DEVELOPMENT_TEAM = 66R89KSY7B;
				GENERATE_INFOPLIST_FILE = YES;
				INFOPLIST_FILE = VK/Resources/Info.plist;
				INFOPLIST_KEY_UIApplicationSupportsIndirectInputEvents = YES;
				INFOPLIST_KEY_UILaunchStoryboardName = LaunchScreen;
				INFOPLIST_KEY_UIMainStoryboardFile = Main;
				INFOPLIST_KEY_UISupportedInterfaceOrientations_iPad = "UIInterfaceOrientationPortrait UIInterfaceOrientationPortraitUpsideDown UIInterfaceOrientationLandscapeLeft UIInterfaceOrientationLandscapeRight";
				INFOPLIST_KEY_UISupportedInterfaceOrientations_iPhone = "UIInterfaceOrientationPortrait UIInterfaceOrientationLandscapeLeft UIInterfaceOrientationLandscapeRight";
				LD_RUNPATH_SEARCH_PATHS = (
					"$(inherited)",
					"@executable_path/Frameworks",
				);
				MARKETING_VERSION = 1.0;
				PRODUCT_BUNDLE_IDENTIFIER = com.emilyayv.VK;
				PRODUCT_NAME = "$(TARGET_NAME)";
				SWIFT_EMIT_LOC_STRINGS = YES;
				SWIFT_VERSION = 5.0;
				TARGETED_DEVICE_FAMILY = 1;
			};
			name = Release;
		};
/* End XCBuildConfiguration section */

/* Begin XCConfigurationList section */
		20926FFC27170A9B00B9B78D /* Build configuration list for PBXProject "VK Tools" */ = {
			isa = XCConfigurationList;
			buildConfigurations = (
				2092701327170A9C00B9B78D /* Debug */,
				2092701427170A9C00B9B78D /* Release */,
			);
			defaultConfigurationIsVisible = 0;
			defaultConfigurationName = Release;
		};
		2092701527170A9C00B9B78D /* Build configuration list for PBXNativeTarget "VK Tools" */ = {
			isa = XCConfigurationList;
			buildConfigurations = (
				2092701627170A9C00B9B78D /* Debug */,
				2092701727170A9C00B9B78D /* Release */,
			);
			defaultConfigurationIsVisible = 0;
			defaultConfigurationName = Release;
		};
/* End XCConfigurationList section */
	};
	rootObject = 20926FF927170A9B00B9B78D /* Project object */;
}
